
Microsoft Visual Studio Solution File, Format Version 12.00
# Visual Studio Version 16
VisualStudioVersion = 16.0.31019.35
MinimumVisualStudioVersion = 10.0.40219.1
Project("{FAE04EC0-301F-11D3-BF4B-00C04F79EFBC}") = "ConditionalContent", "ConditionalContent\ConditionalContent.csproj", "{0D338458-B780-4B4E-9A77-0F02BD1D000A}"
EndProject
Project("{FAE04EC0-301F-11D3-BF4B-00C04F79EFBC}") = "ConditionalContent.Package", "ConditionalContent.Package\ConditionalContent.Package.csproj", "{EE3C27BD-9AFB-4286-B726-E9FE1C7C636E}"
EndProject
Project("{FAE04EC0-301F-11D3-BF4B-00C04F79EFBC}") = "ConditionalContent.Tests", "ConditionalContent.Tests\ConditionalContent.Tests.csproj", "{761A111D-CD43-4287-9C33-33F91FCAFC4F}"
EndProject
Global
	GlobalSection(SolutionConfigurationPlatforms) = preSolution
		Debug|Any CPU = Debug|Any CPU
		Release|Any CPU = Release|Any CPU
	EndGlobalSection
	GlobalSection(ProjectConfigurationPlatforms) = postSolution
		{0D338458-B780-4B4E-9A77-0F02BD1D000A}.Debug|Any CPU.ActiveCfg = Debug|Any CPU
		{0D338458-B780-4B4E-9A77-0F02BD1D000A}.Debug|Any CPU.Build.0 = Debug|Any CPU
		{0D338458-B780-4B4E-9A77-0F02BD1D000A}.Release|Any CPU.ActiveCfg = Release|Any CPU
		{0D338458-B780-4B4E-9A77-0F02BD1D000A}.Release|Any CPU.Build.0 = Release|Any CPU
		{EE3C27BD-9AFB-4286-B726-E9FE1C7C636E}.Debug|Any CPU.ActiveCfg = Debug|Any CPU
		{EE3C27BD-9AFB-4286-B726-E9FE1C7C636E}.Debug|Any CPU.Build.0 = Debug|Any CPU
		{EE3C27BD-9AFB-4286-B726-E9FE1C7C636E}.Release|Any CPU.ActiveCfg = Release|Any CPU
		{EE3C27BD-9AFB-4286-B726-E9FE1C7C636E}.Release|Any CPU.Build.0 = Release|Any CPU
		{761A111D-CD43-4287-9C33-33F91FCAFC4F}.Debug|Any CPU.ActiveCfg = Debug|Any CPU
		{761A111D-CD43-4287-9C33-33F91FCAFC4F}.Debug|Any CPU.Build.0 = Debug|Any CPU
		{761A111D-CD43-4287-9C33-33F91FCAFC4F}.Release|Any CPU.ActiveCfg = Release|Any CPU
		{761A111D-CD43-4287-9C33-33F91FCAFC4F}.Release|Any CPU.Build.0 = Release|Any CPU
	EndGlobalSection
	GlobalSection(SolutionProperties) = preSolution
		HideSolutionNode = FALSE
	EndGlobalSection
	GlobalSection(ExtensibilityGlobals) = postSolution
		SolutionGuid = {0E2C3BD6-876A-47AF-A831-AB1C4768950B}
	EndGlobalSection
EndGlobal
